name: update-flake-lock
on:
  workflow_dispatch: # allows manual triggering
  schedule:
    - cron: '0 0 * * 0' # runs weekly on Sunday at 00:00

permissions:
  contents: write
  pull-requests: write

jobs:
  lockfile:
    runs-on: ubuntu-latest
    steps:
      - name: Generate Token
        uses: actions/create-github-app-token@f2acddfb5195534d487896a656232b016a682f3c # v1
        id: app-token
        with:
          app-id: "${{ secrets.BOT_APP_ID }}"
          private-key: "${{ secrets.BOT_APP_PRIVATE_KEY }}"
      - name: Checkout repository
        uses: actions/checkout@v4
      - name: Install Nix
        uses: DeterminateSystems/nix-installer-action@main
      - name: Update flake.lock
        uses: DeterminateSystems/update-flake-lock@main
        id: update-flake-lock
        with:
          pr-title: "Update flake.lock" # Title of PR to be created
          pr-labels: |                  # Labels to be set on the PR
            dependencies
            automated
          token: ${{ steps.app-token.outputs.token }}

      - run: "gh pr merge --auto --merge ${{ steps.update-flake-lock.outputs.pull-request-number }}"
        env:
          GH_TOKEN: ${{ github.token }}
